
Microsoft Visual Studio Solution File, Format Version 12.00
# Visual Studio 15
VisualStudioVersion = 15.0.28010.2048
MinimumVisualStudioVersion = 10.0.40219.1
Project("{FAE04EC0-301F-11D3-BF4B-00C04F79EFBC}") = "DITemplate", "DITemplate\DITemplate.csproj", "{035EC5B7-B664-4E2D-9F5D-26ECD70B6A18}"
EndProject
Project("{FAE04EC0-301F-11D3-BF4B-00C04F79EFBC}") = "DITemplate.DB", "DITemplate.DB\DITemplate.DB.csproj", "{7443C945-D039-4CDB-8C34-105A63BEFC9E}"
EndProject
Project("{FAE04EC0-301F-11D3-BF4B-00C04F79EFBC}") = "DITemplate.DbFactory", "DITemplate.DbFactory\DITemplate.DbFactory.csproj", "{58A82F01-1076-4C08-999A-DC09CAED5613}"
EndProject
Project("{FAE04EC0-301F-11D3-BF4B-00C04F79EFBC}") = "DITemplate.Repository", "DITemplate.Repository\DITemplate.Repository.csproj", "{FEA5200E-C752-4EA6-B91E-70AFD6166DD2}"
EndProject
Project("{FAE04EC0-301F-11D3-BF4B-00C04F79EFBC}") = "DITemplate.Serivces", "DITemplate.Serivces\DITemplate.Serivces.csproj", "{A55CA5C0-3EC9-4AC8-8140-71C0B7B20B62}"
EndProject
Global
	GlobalSection(SolutionConfigurationPlatforms) = preSolution
		Debug|Any CPU = Debug|Any CPU
		Release|Any CPU = Release|Any CPU
	EndGlobalSection
	GlobalSection(ProjectConfigurationPlatforms) = postSolution
		{035EC5B7-B664-4E2D-9F5D-26ECD70B6A18}.Debug|Any CPU.ActiveCfg = Debug|Any CPU
		{035EC5B7-B664-4E2D-9F5D-26ECD70B6A18}.Debug|Any CPU.Build.0 = Debug|Any CPU
		{035EC5B7-B664-4E2D-9F5D-26ECD70B6A18}.Release|Any CPU.ActiveCfg = Release|Any CPU
		{035EC5B7-B664-4E2D-9F5D-26ECD70B6A18}.Release|Any CPU.Build.0 = Release|Any CPU
		{7443C945-D039-4CDB-8C34-105A63BEFC9E}.Debug|Any CPU.ActiveCfg = Debug|Any CPU
		{7443C945-D039-4CDB-8C34-105A63BEFC9E}.Debug|Any CPU.Build.0 = Debug|Any CPU
		{7443C945-D039-4CDB-8C34-105A63BEFC9E}.Release|Any CPU.ActiveCfg = Release|Any CPU
		{7443C945-D039-4CDB-8C34-105A63BEFC9E}.Release|Any CPU.Build.0 = Release|Any CPU
		{58A82F01-1076-4C08-999A-DC09CAED5613}.Debug|Any CPU.ActiveCfg = Debug|Any CPU
		{58A82F01-1076-4C08-999A-DC09CAED5613}.Debug|Any CPU.Build.0 = Debug|Any CPU
		{58A82F01-1076-4C08-999A-DC09CAED5613}.Release|Any CPU.ActiveCfg = Release|Any CPU
		{58A82F01-1076-4C08-999A-DC09CAED5613}.Release|Any CPU.Build.0 = Release|Any CPU
		{FEA5200E-C752-4EA6-B91E-70AFD6166DD2}.Debug|Any CPU.ActiveCfg = Debug|Any CPU
		{FEA5200E-C752-4EA6-B91E-70AFD6166DD2}.Debug|Any CPU.Build.0 = Debug|Any CPU
		{FEA5200E-C752-4EA6-B91E-70AFD6166DD2}.Release|Any CPU.ActiveCfg = Release|Any CPU
		{FEA5200E-C752-4EA6-B91E-70AFD6166DD2}.Release|Any CPU.Build.0 = Release|Any CPU
		{A55CA5C0-3EC9-4AC8-8140-71C0B7B20B62}.Debug|Any CPU.ActiveCfg = Debug|Any CPU
		{A55CA5C0-3EC9-4AC8-8140-71C0B7B20B62}.Debug|Any CPU.Build.0 = Debug|Any CPU
		{A55CA5C0-3EC9-4AC8-8140-71C0B7B20B62}.Release|Any CPU.ActiveCfg = Release|Any CPU
		{A55CA5C0-3EC9-4AC8-8140-71C0B7B20B62}.Release|Any CPU.Build.0 = Release|Any CPU
	EndGlobalSection
	GlobalSection(SolutionProperties) = preSolution
		HideSolutionNode = FALSE
	EndGlobalSection
	GlobalSection(ExtensibilityGlobals) = postSolution
		SolutionGuid = {3DD08DA4-EAB4-407A-AAB1-0F2C5F540EBB}
	EndGlobalSection
EndGlobal
